Microsoft Visual Studio Solution File, Format Version 11.00
# Visual Studio 2008

Project("{95D5FA37-B68D-B3ED-8EC7-4F536CE4F90A}") = "Particle test", "Assembly-CSharp.csproj", "{04737AC3-120E-27E1-E531-A9543A10ACB5}"
EndProject
Global
	GlobalSection(SolutionConfigurationPlatforms) = preSolution
		Debug|Any CPU = Debug|Any CPU
		Release|Any CPU = Release|Any CPU
	EndGlobalSection
	GlobalSection(ProjectConfigurationPlatforms) = postSolution
		{04737AC3-120E-27E1-E531-A9543A10ACB5}.Debug|Any CPU.ActiveCfg = Debug|Any CPU
		{04737AC3-120E-27E1-E531-A9543A10ACB5}.Debug|Any CPU.Build.0 = Debug|Any CPU
		{04737AC3-120E-27E1-E531-A9543A10ACB5}.Release|Any CPU.ActiveCfg = Release|Any CPU
		{04737AC3-120E-27E1-E531-A9543A10ACB5}.Release|Any CPU.Build.0 = Release|Any CPU
	EndGlobalSection
	GlobalSection(SolutionProperties) = preSolution
		HideSolutionNode = FALSE
	EndGlobalSection
	GlobalSection(MonoDevelopProperties) = preSolution
		StartupItem = Assembly-CSharp.csproj
	EndGlobalSection
EndGlobal
